// !$*UTF8*$!
{
	archiveVersion = 1;
	classes = {
	};
	objectVersion = 55;
	objects = {

/* Begin PBXBuildFile section */
		0134D16927BDDE0400552FE0 /* AppDelegate.swift in Sources */ = {isa = PBXBuildFile; fileRef = 0134D16827BDDE0400552FE0 /* AppDelegate.swift */; };
		0134D16B27BDDE0400552FE0 /* SceneDelegate.swift in Sources */ = {isa = PBXBuildFile; fileRef = 0134D16A27BDDE0400552FE0 /* SceneDelegate.swift */; };
		0134D17227BDDE0600552FE0 /* Assets.xcassets in Resources */ = {isa = PBXBuildFile; fileRef = 0134D17127BDDE0600552FE0 /* Assets.xcassets */; };
		0134D17527BDDE0600552FE0 /* LaunchScreen.storyboard in Resources */ = {isa = PBXBuildFile; fileRef = 0134D17327BDDE0600552FE0 /* LaunchScreen.storyboard */; };
		0134D18027BDE14200552FE0 /* LocalStorage.swift in Sources */ = {isa = PBXBuildFile; fileRef = 0134D17F27BDE14200552FE0 /* LocalStorage.swift */; };
		0134D18827BDE2AF00552FE0 /* MainTabController.swift in Sources */ = {isa = PBXBuildFile; fileRef = 0134D18127BDE2AF00552FE0 /* MainTabController.swift */; };
		0134D18927BDE2AF00552FE0 /* SettingsDayController.swift in Sources */ = {isa = PBXBuildFile; fileRef = 0134D18227BDE2AF00552FE0 /* SettingsDayController.swift */; };
		0134D18A27BDE2AF00552FE0 /* HomeController.swift in Sources */ = {isa = PBXBuildFile; fileRef = 0134D18327BDE2AF00552FE0 /* HomeController.swift */; };
		0134D18B27BDE2AF00552FE0 /* FirstLaunchController.swift in Sources */ = {isa = PBXBuildFile; fileRef = 0134D18427BDE2AF00552FE0 /* FirstLaunchController.swift */; };
		0134D18C27BDE2AF00552FE0 /* CalendarController.swift in Sources */ = {isa = PBXBuildFile; fileRef = 0134D18527BDE2AF00552FE0 /* CalendarController.swift */; };
		0134D18D27BDE2AF00552FE0 /* SpecialDayController.swift in Sources */ = {isa = PBXBuildFile; fileRef = 0134D18627BDE2AF00552FE0 /* SpecialDayController.swift */; };
		0134D18E27BDE2AF00552FE0 /* SettingsController.swift in Sources */ = {isa = PBXBuildFile; fileRef = 0134D18727BDE2AF00552FE0 /* SettingsController.swift */; };
		0134D19127BDE30000552FE0 /* DateUtils.swift in Sources */ = {isa = PBXBuildFile; fileRef = 0134D19027BDE30000552FE0 /* DateUtils.swift */; };
		0134D19427BDE31600552FE0 /* SettingsCell.swift in Sources */ = {isa = PBXBuildFile; fileRef = 0134D19327BDE31600552FE0 /* SettingsCell.swift */; };
		0134D19727BDE81700552FE0 /* FirstDay.swift in Sources */ = {isa = PBXBuildFile; fileRef = 0134D19627BDE81700552FE0 /* FirstDay.swift */; };
		0134D19A27BDEAF900552FE0 /* RealmManager.swift in Sources */ = {isa = PBXBuildFile; fileRef = 0134D19927BDEAF900552FE0 /* RealmManager.swift */; };
		0138EB0827BE6938003E99B1 /* Event.swift in Sources */ = {isa = PBXBuildFile; fileRef = 0138EB0727BE6938003E99B1 /* Event.swift */; };
		0138EB0A27BF44CE003E99B1 /* SpecialDayCell.swift in Sources */ = {isa = PBXBuildFile; fileRef = 0138EB0927BF44CE003E99B1 /* SpecialDayCell.swift */; };
		01434BF627C600D1005241DB /* CalendarAddController.swift in Sources */ = {isa = PBXBuildFile; fileRef = 01434BF527C600D1005241DB /* CalendarAddController.swift */; };
		01434BF827C6058E005241DB /* CalendarCell.swift in Sources */ = {isa = PBXBuildFile; fileRef = 01434BF727C6058E005241DB /* CalendarCell.swift */; };
		01C80CA127C36D9700E2845B /* ColorUtils.swift in Sources */ = {isa = PBXBuildFile; fileRef = 01C80CA027C36D9700E2845B /* ColorUtils.swift */; };
		01C80CA327C3BF0C00E2845B /* CustomDatePicker.swift in Sources */ = {isa = PBXBuildFile; fileRef = 01C80CA227C3BF0C00E2845B /* CustomDatePicker.swift */; };
		01C80CA927C47A9000E2845B /* FontUtils.swift in Sources */ = {isa = PBXBuildFile; fileRef = 01C80CA827C47A9000E2845B /* FontUtils.swift */; };
		01C80CAB27C5048700E2845B /* CalendarUtils.swift in Sources */ = {isa = PBXBuildFile; fileRef = 01C80CAA27C5048700E2845B /* CalendarUtils.swift */; };
		01FE724C27C6241E009B5425 /* ViewControllerUtils.swift in Sources */ = {isa = PBXBuildFile; fileRef = 01FE724B27C6241E009B5425 /* ViewControllerUtils.swift */; };
		62FB759EB4FFF2FDBFED20B9 /* Pods_OurDday.framework in Frameworks */ = {isa = PBXBuildFile; fileRef = D16D8EE346043F61E22D367A /* Pods_OurDday.framework */; };
/* End PBXBuildFile section */

/* Begin PBXFileReference section */
		0134D16527BDDE0400552FE0 /* OurDday.app */ = {isa = PBXFileReference; explicitFileType = wrapper.application; includeInIndex = 0; path = OurDday.app; sourceTree = BUILT_PRODUCTS_DIR; };
		0134D16827BDDE0400552FE0 /* AppDelegate.swift */ = {isa = PBXFileReference; lastKnownFileType = sourcecode.swift; path = AppDelegate.swift; sourceTree = "<group>"; };
		0134D16A27BDDE0400552FE0 /* SceneDelegate.swift */ = {isa = PBXFileReference; lastKnownFileType = sourcecode.swift; path = SceneDelegate.swift; sourceTree = "<group>"; };
		0134D17127BDDE0600552FE0 /* Assets.xcassets */ = {isa = PBXFileReference; lastKnownFileType = folder.assetcatalog; path = Assets.xcassets; sourceTree = "<group>"; };
		0134D17427BDDE0600552FE0 /* Base */ = {isa = PBXFileReference; lastKnownFileType = file.storyboard; name = Base; path = Base.lproj/LaunchScreen.storyboard; sourceTree = "<group>"; };
		0134D17627BDDE0600552FE0 /* Info.plist */ = {isa = PBXFileReference; lastKnownFileType = text.plist.xml; path = Info.plist; sourceTree = "<group>"; };
		0134D17F27BDE14200552FE0 /* LocalStorage.swift */ = {isa = PBXFileReference; lastKnownFileType = sourcecode.swift; path = LocalStorage.swift; sourceTree = "<group>"; };
		0134D18127BDE2AF00552FE0 /* MainTabController.swift */ = {isa = PBXFileReference; fileEncoding = 4; lastKnownFileType = sourcecode.swift; path = MainTabController.swift; sourceTree = "<group>"; };
		0134D18227BDE2AF00552FE0 /* SettingsDayController.swift */ = {isa = PBXFileReference; fileEncoding = 4; lastKnownFileType = sourcecode.swift; path = SettingsDayController.swift; sourceTree = "<group>"; };
		0134D18327BDE2AF00552FE0 /* HomeController.swift */ = {isa = PBXFileReference; fileEncoding = 4; lastKnownFileType = sourcecode.swift; path = HomeController.swift; sourceTree = "<group>"; };
		0134D18427BDE2AF00552FE0 /* FirstLaunchController.swift */ = {isa = PBXFileReference; fileEncoding = 4; lastKnownFileType = sourcecode.swift; path = FirstLaunchController.swift; sourceTree = "<group>"; };
		0134D18527BDE2AF00552FE0 /* CalendarController.swift */ = {isa = PBXFileReference; fileEncoding = 4; lastKnownFileType = sourcecode.swift; path = CalendarController.swift; sourceTree = "<group>"; };
		0134D18627BDE2AF00552FE0 /* SpecialDayController.swift */ = {isa = PBXFileReference; fileEncoding = 4; lastKnownFileType = sourcecode.swift; path = SpecialDayController.swift; sourceTree = "<group>"; };
		0134D18727BDE2AF00552FE0 /* SettingsController.swift */ = {isa = PBXFileReference; fileEncoding = 4; lastKnownFileType = sourcecode.swift; path = SettingsController.swift; sourceTree = "<group>"; };
		0134D19027BDE30000552FE0 /* DateUtils.swift */ = {isa = PBXFileReference; fileEncoding = 4; lastKnownFileType = sourcecode.swift; path = DateUtils.swift; sourceTree = "<group>"; };
		0134D19327BDE31600552FE0 /* SettingsCell.swift */ = {isa = PBXFileReference; fileEncoding = 4; lastKnownFileType = sourcecode.swift; path = SettingsCell.swift; sourceTree = "<group>"; };
		0134D19627BDE81700552FE0 /* FirstDay.swift */ = {isa = PBXFileReference; lastKnownFileType = sourcecode.swift; path = FirstDay.swift; sourceTree = "<group>"; };
		0134D19927BDEAF900552FE0 /* RealmManager.swift */ = {isa = PBXFileReference; lastKnownFileType = sourcecode.swift; path = RealmManager.swift; sourceTree = "<group>"; };
		0138EB0727BE6938003E99B1 /* Event.swift */ = {isa = PBXFileReference; lastKnownFileType = sourcecode.swift; path = Event.swift; sourceTree = "<group>"; };
		0138EB0927BF44CE003E99B1 /* SpecialDayCell.swift */ = {isa = PBXFileReference; lastKnownFileType = sourcecode.swift; path = SpecialDayCell.swift; sourceTree = "<group>"; };
		01434BF527C600D1005241DB /* CalendarAddController.swift */ = {isa = PBXFileReference; lastKnownFileType = sourcecode.swift; path = CalendarAddController.swift; sourceTree = "<group>"; };
		01434BF727C6058E005241DB /* CalendarCell.swift */ = {isa = PBXFileReference; lastKnownFileType = sourcecode.swift; path = CalendarCell.swift; sourceTree = "<group>"; };
		01C80CA027C36D9700E2845B /* ColorUtils.swift */ = {isa = PBXFileReference; lastKnownFileType = sourcecode.swift; path = ColorUtils.swift; sourceTree = "<group>"; };
		01C80CA227C3BF0C00E2845B /* CustomDatePicker.swift */ = {isa = PBXFileReference; lastKnownFileType = sourcecode.swift; path = CustomDatePicker.swift; sourceTree = "<group>"; };
		01C80CA827C47A9000E2845B /* FontUtils.swift */ = {isa = PBXFileReference; lastKnownFileType = sourcecode.swift; path = FontUtils.swift; sourceTree = "<group>"; };
		01C80CAA27C5048700E2845B /* CalendarUtils.swift */ = {isa = PBXFileReference; lastKnownFileType = sourcecode.swift; path = CalendarUtils.swift; sourceTree = "<group>"; };
		01FE724B27C6241E009B5425 /* ViewControllerUtils.swift */ = {isa = PBXFileReference; lastKnownFileType = sourcecode.swift; path = ViewControllerUtils.swift; sourceTree = "<group>"; };
		2DA248200935EC3CB1E338D0 /* Pods-OurDday.release.xcconfig */ = {isa = PBXFileReference; includeInIndex = 1; lastKnownFileType = text.xcconfig; name = "Pods-OurDday.release.xcconfig"; path = "Target Support Files/Pods-OurDday/Pods-OurDday.release.xcconfig"; sourceTree = "<group>"; };
		69F9529BCC9E3253E99E0107 /* Pods-OurDday.debug.xcconfig */ = {isa = PBXFileReference; includeInIndex = 1; lastKnownFileType = text.xcconfig; name = "Pods-OurDday.debug.xcconfig"; path = "Target Support Files/Pods-OurDday/Pods-OurDday.debug.xcconfig"; sourceTree = "<group>"; };
		D16D8EE346043F61E22D367A /* Pods_OurDday.framework */ = {isa = PBXFileReference; explicitFileType = wrapper.framework; includeInIndex = 0; path = Pods_OurDday.framework; sourceTree = BUILT_PRODUCTS_DIR; };
/* End PBXFileReference section */

/* Begin PBXFrameworksBuildPhase section */
		0134D16227BDDE0400552FE0 /* Frameworks */ = {
			isa = PBXFrameworksBuildPhase;
			buildActionMask = 2147483647;
			files = (
				62FB759EB4FFF2FDBFED20B9 /* Pods_OurDday.framework in Frameworks */,
			);
			runOnlyForDeploymentPostprocessing = 0;
		};
/* End PBXFrameworksBuildPhase section */

/* Begin PBXGroup section */
		0134D15C27BDDE0400552FE0 = {
			isa = PBXGroup;
			children = (
				0134D16727BDDE0400552FE0 /* OurDday */,
				0134D16627BDDE0400552FE0 /* Products */,
				B28602151273995B0637841C /* Pods */,
				160A99A8D51BB9E84C2B163B /* Frameworks */,
			);
			sourceTree = "<group>";
		};
		0134D16627BDDE0400552FE0 /* Products */ = {
			isa = PBXGroup;
			children = (
				0134D16527BDDE0400552FE0 /* OurDday.app */,
			);
			name = Products;
			sourceTree = "<group>";
		};
		0134D16727BDDE0400552FE0 /* OurDday */ = {
			isa = PBXGroup;
			children = (
				0134D17627BDDE0600552FE0 /* Info.plist */,
				0134D17C27BDE05100552FE0 /* Supporting Files */,
				0138EB0627BE692D003E99B1 /* Model */,
				0134D19227BDE30E00552FE0 /* View */,
				0134D17D27BDE10C00552FE0 /* Controller */,
				0134D17E27BDE11600552FE0 /* Storage */,
				0134D19827BDEAEF00552FE0 /* API */,
				0134D19527BDE7DC00552FE0 /* RealmModel */,
				0134D18F27BDE2EE00552FE0 /* Utils */,
			);
			path = OurDday;
			sourceTree = "<group>";
		};
		0134D17C27BDE05100552FE0 /* Supporting Files */ = {
			isa = PBXGroup;
			children = (
				0134D16827BDDE0400552FE0 /* AppDelegate.swift */,
				0134D16A27BDDE0400552FE0 /* SceneDelegate.swift */,
				0134D17327BDDE0600552FE0 /* LaunchScreen.storyboard */,
				0134D17127BDDE0600552FE0 /* Assets.xcassets */,
			);
			path = "Supporting Files";
			sourceTree = "<group>";
		};
		0134D17D27BDE10C00552FE0 /* Controller */ = {
			isa = PBXGroup;
			children = (
				0134D18427BDE2AF00552FE0 /* FirstLaunchController.swift */,
				0134D18127BDE2AF00552FE0 /* MainTabController.swift */,
				0134D18327BDE2AF00552FE0 /* HomeController.swift */,
				0134D18627BDE2AF00552FE0 /* SpecialDayController.swift */,
				0134D18527BDE2AF00552FE0 /* CalendarController.swift */,
				01434BF527C600D1005241DB /* CalendarAddController.swift */,
				0134D18727BDE2AF00552FE0 /* SettingsController.swift */,
				0134D18227BDE2AF00552FE0 /* SettingsDayController.swift */,
			);
			path = Controller;
			sourceTree = "<group>";
		};
		0134D17E27BDE11600552FE0 /* Storage */ = {
			isa = PBXGroup;
			children = (
				0134D17F27BDE14200552FE0 /* LocalStorage.swift */,
			);
			path = Storage;
			sourceTree = "<group>";
		};
		0134D18F27BDE2EE00552FE0 /* Utils */ = {
			isa = PBXGroup;
			children = (
				0134D19027BDE30000552FE0 /* DateUtils.swift */,
				01C80CA027C36D9700E2845B /* ColorUtils.swift */,
				01C80CA827C47A9000E2845B /* FontUtils.swift */,
				01C80CAA27C5048700E2845B /* CalendarUtils.swift */,
				01FE724B27C6241E009B5425 /* ViewControllerUtils.swift */,
			);
			path = Utils;
			sourceTree = "<group>";
		};
		0134D19227BDE30E00552FE0 /* View */ = {
			isa = PBXGroup;
			children = (
				0138EB0927BF44CE003E99B1 /* SpecialDayCell.swift */,
				0134D19327BDE31600552FE0 /* SettingsCell.swift */,
				01434BF727C6058E005241DB /* CalendarCell.swift */,
				01C80CA227C3BF0C00E2845B /* CustomDatePicker.swift */,
			);
			path = View;
			sourceTree = "<group>";
		};
		0134D19527BDE7DC00552FE0 /* RealmModel */ = {
			isa = PBXGroup;
			children = (
				0134D19627BDE81700552FE0 /* FirstDay.swift */,
			);
			path = RealmModel;
			sourceTree = "<group>";
		};
		0134D19827BDEAEF00552FE0 /* API */ = {
			isa = PBXGroup;
			children = (
				0134D19927BDEAF900552FE0 /* RealmManager.swift */,
			);
			path = API;
			sourceTree = "<group>";
		};
		0138EB0627BE692D003E99B1 /* Model */ = {
			isa = PBXGroup;
			children = (
				0138EB0727BE6938003E99B1 /* Event.swift */,
			);
			path = Model;
			sourceTree = "<group>";
		};
		160A99A8D51BB9E84C2B163B /* Frameworks */ = {
			isa = PBXGroup;
			children = (
				D16D8EE346043F61E22D367A /* Pods_OurDday.framework */,
			);
			name = Frameworks;
			sourceTree = "<group>";
		};
		B28602151273995B0637841C /* Pods */ = {
			isa = PBXGroup;
			children = (
				69F9529BCC9E3253E99E0107 /* Pods-OurDday.debug.xcconfig */,
				2DA248200935EC3CB1E338D0 /* Pods-OurDday.release.xcconfig */,
			);
			path = Pods;
			sourceTree = "<group>";
		};
/* End PBXGroup section */

/* Begin PBXNativeTarget section */
		0134D16427BDDE0400552FE0 /* OurDday */ = {
			isa = PBXNativeTarget;
			buildConfigurationList = 0134D17927BDDE0600552FE0 /* Build configuration list for PBXNativeTarget "OurDday" */;
			buildPhases = (
				C94568C464DC1534C8FF4898 /* [CP] Check Pods Manifest.lock */,
				0134D16127BDDE0400552FE0 /* Sources */,
				0134D16227BDDE0400552FE0 /* Frameworks */,
				0134D16327BDDE0400552FE0 /* Resources */,
				75A085B40EA5A1984B53ADB1 /* [CP] Embed Pods Frameworks */,
			);
			buildRules = (
			);
			dependencies = (
			);
			name = OurDday;
			productName = OurDday;
			productReference = 0134D16527BDDE0400552FE0 /* OurDday.app */;
			productType = "com.apple.product-type.application";
		};
/* End PBXNativeTarget section */

/* Begin PBXProject section */
		0134D15D27BDDE0400552FE0 /* Project object */ = {
			isa = PBXProject;
			attributes = {
				BuildIndependentTargetsInParallel = 1;
				LastSwiftUpdateCheck = 1320;
				LastUpgradeCheck = 1320;
				TargetAttributes = {
					0134D16427BDDE0400552FE0 = {
						CreatedOnToolsVersion = 13.2.1;
					};
				};
			};
			buildConfigurationList = 0134D16027BDDE0400552FE0 /* Build configuration list for PBXProject "OurDday" */;
			compatibilityVersion = "Xcode 13.0";
			developmentRegion = en;
			hasScannedForEncodings = 0;
			knownRegions = (
				en,
				Base,
			);
			mainGroup = 0134D15C27BDDE0400552FE0;
			productRefGroup = 0134D16627BDDE0400552FE0 /* Products */;
			projectDirPath = "";
			projectRoot = "";
			targets = (
				0134D16427BDDE0400552FE0 /* OurDday */,
			);
		};
/* End PBXProject section */

/* Begin PBXResourcesBuildPhase section */
		0134D16327BDDE0400552FE0 /* Resources */ = {
			isa = PBXResourcesBuildPhase;
			buildActionMask = 2147483647;
			files = (
				0134D17527BDDE0600552FE0 /* LaunchScreen.storyboard in Resources */,
				0134D17227BDDE0600552FE0 /* Assets.xcassets in Resources */,
			);
			runOnlyForDeploymentPostprocessing = 0;
		};
/* End PBXResourcesBuildPhase section */

/* Begin PBXShellScriptBuildPhase section */
		75A085B40EA5A1984B53ADB1 /* [CP] Embed Pods Frameworks */ = {
			isa = PBXShellScriptBuildPhase;
			buildActionMask = 2147483647;
			files = (
			);
			inputFileListPaths = (
				"${PODS_ROOT}/Target Support Files/Pods-OurDday/Pods-OurDday-frameworks-${CONFIGURATION}-input-files.xcfilelist",
			);
			name = "[CP] Embed Pods Frameworks";
			outputFileListPaths = (
				"${PODS_ROOT}/Target Support Files/Pods-OurDday/Pods-OurDday-frameworks-${CONFIGURATION}-output-files.xcfilelist",
			);
			runOnlyForDeploymentPostprocessing = 0;
			shellPath = /bin/sh;
			shellScript = "\"${PODS_ROOT}/Target Support Files/Pods-OurDday/Pods-OurDday-frameworks.sh\"\n";
			showEnvVarsInLog = 0;
		};
		C94568C464DC1534C8FF4898 /* [CP] Check Pods Manifest.lock */ = {
			isa = PBXShellScriptBuildPhase;
			buildActionMask = 2147483647;
			files = (
			);
			inputFileListPaths = (
			);
			inputPaths = (
				"${PODS_PODFILE_DIR_PATH}/Podfile.lock",
				"${PODS_ROOT}/Manifest.lock",
			);
			name = "[CP] Check Pods Manifest.lock";
			outputFileListPaths = (
			);
			outputPaths = (
				"$(DERIVED_FILE_DIR)/Pods-OurDday-checkManifestLockResult.txt",
			);
			runOnlyForDeploymentPostprocessing = 0;
			shellPath = /bin/sh;
			shellScript = "diff \"${PODS_PODFILE_DIR_PATH}/Podfile.lock\" \"${PODS_ROOT}/Manifest.lock\" > /dev/null\nif [ $? != 0 ] ; then\n    # print error to STDERR\n    echo \"error: The sandbox is not in sync with the Podfile.lock. Run 'pod install' or update your CocoaPods installation.\" >&2\n    exit 1\nfi\n# This output is used by Xcode 'outputs' to avoid re-running this script phase.\necho \"SUCCESS\" > \"${SCRIPT_OUTPUT_FILE_0}\"\n";
			showEnvVarsInLog = 0;
		};
/* End PBXShellScriptBuildPhase section */

/* Begin PBXSourcesBuildPhase section */
		0134D16127BDDE0400552FE0 /* Sources */ = {
			isa = PBXSourcesBuildPhase;
			buildActionMask = 2147483647;
			files = (
				0134D19127BDE30000552FE0 /* DateUtils.swift in Sources */,
				0134D18027BDE14200552FE0 /* LocalStorage.swift in Sources */,
				01434BF627C600D1005241DB /* CalendarAddController.swift in Sources */,
				01C80CA327C3BF0C00E2845B /* CustomDatePicker.swift in Sources */,
				0134D19427BDE31600552FE0 /* SettingsCell.swift in Sources */,
				0134D19727BDE81700552FE0 /* FirstDay.swift in Sources */,
				0134D18C27BDE2AF00552FE0 /* CalendarController.swift in Sources */,
				0134D19A27BDEAF900552FE0 /* RealmManager.swift in Sources */,
				0134D16927BDDE0400552FE0 /* AppDelegate.swift in Sources */,
				0134D18D27BDE2AF00552FE0 /* SpecialDayController.swift in Sources */,
				0138EB0827BE6938003E99B1 /* Event.swift in Sources */,
				0134D18A27BDE2AF00552FE0 /* HomeController.swift in Sources */,
				0134D18927BDE2AF00552FE0 /* SettingsDayController.swift in Sources */,
				0138EB0A27BF44CE003E99B1 /* SpecialDayCell.swift in Sources */,
				0134D18E27BDE2AF00552FE0 /* SettingsController.swift in Sources */,
				01FE724C27C6241E009B5425 /* ViewControllerUtils.swift in Sources */,
				0134D18B27BDE2AF00552FE0 /* FirstLaunchController.swift in Sources */,
				01C80CA927C47A9000E2845B /* FontUtils.swift in Sources */,
				01434BF827C6058E005241DB /* CalendarCell.swift in Sources */,
				0134D18827BDE2AF00552FE0 /* MainTabController.swift in Sources */,
				01C80CAB27C5048700E2845B /* CalendarUtils.swift in Sources */,
				0134D16B27BDDE0400552FE0 /* SceneDelegate.swift in Sources */,
				01C80CA127C36D9700E2845B /* ColorUtils.swift in Sources */,
			);
			runOnlyForDeploymentPostprocessing = 0;
		};
/* End PBXSourcesBuildPhase section */

/* Begin PBXVariantGroup section */
		0134D17327BDDE0600552FE0 /* LaunchScreen.storyboard */ = {
			isa = PBXVariantGroup;
			children = (
				0134D17427BDDE0600552FE0 /* Base */,
			);
			name = LaunchScreen.storyboard;
			sourceTree = "<group>";
		};
/* End PBXVariantGroup section */

/* Begin XCBuildConfiguration section */
		0134D17727BDDE0600552FE0 /* Debug */ = {
			isa = XCBuildConfiguration;
			buildSettings = {
				ALWAYS_SEARCH_USER_PATHS = NO;
				CLANG_ANALYZER_NONNULL = YES;
				CLANG_ANALYZER_NUMBER_OBJECT_CONVERSION = YES_AGGRESSIVE;
				CLANG_CXX_LANGUAGE_STANDARD = "gnu++17";
				CLANG_CXX_LIBRARY = "libc++";
				CLANG_ENABLE_MODULES = YES;
				CLANG_ENABLE_OBJC_ARC = YES;
				CLANG_ENABLE_OBJC_WEAK = YES;
				CLANG_WARN_BLOCK_CAPTURE_AUTORELEASING = YES;
				CLANG_WARN_BOOL_CONVERSION = YES;
				CLANG_WARN_COMMA = YES;
				CLANG_WARN_CONSTANT_CONVERSION = YES;
				CLANG_WARN_DEPRECATED_OBJC_IMPLEMENTATIONS = YES;
				CLANG_WARN_DIRECT_OBJC_ISA_USAGE = YES_ERROR;
				CLANG_WARN_DOCUMENTATION_COMMENTS = YES;
				CLANG_WARN_EMPTY_BODY = YES;
				CLANG_WARN_ENUM_CONVERSION = YES;
				CLANG_WARN_INFINITE_RECURSION = YES;
				CLANG_WARN_INT_CONVERSION = YES;
				CLANG_WARN_NON_LITERAL_NULL_CONVERSION = YES;
				CLANG_WARN_OBJC_IMPLICIT_RETAIN_SELF = YES;
				CLANG_WARN_OBJC_LITERAL_CONVERSION = YES;
				CLANG_WARN_OBJC_ROOT_CLASS = YES_ERROR;
				CLANG_WARN_QUOTED_INCLUDE_IN_FRAMEWORK_HEADER = YES;
				CLANG_WARN_RANGE_LOOP_ANALYSIS = YES;
				CLANG_WARN_STRICT_PROTOTYPES = YES;
				CLANG_WARN_SUSPICIOUS_MOVE = YES;
				CLANG_WARN_UNGUARDED_AVAILABILITY = YES_AGGRESSIVE;
				CLANG_WARN_UNREACHABLE_CODE = YES;
				CLANG_WARN__DUPLICATE_METHOD_MATCH = YES;
				COPY_PHASE_STRIP = NO;
				DEBUG_INFORMATION_FORMAT = dwarf;
				ENABLE_STRICT_OBJC_MSGSEND = YES;
				ENABLE_TESTABILITY = YES;
				GCC_C_LANGUAGE_STANDARD = gnu11;
				GCC_DYNAMIC_NO_PIC = NO;
				GCC_NO_COMMON_BLOCKS = YES;
				GCC_OPTIMIZATION_LEVEL = 0;
				GCC_PREPROCESSOR_DEFINITIONS = (
					"DEBUG=1",
					"$(inherited)",
				);
				GCC_WARN_64_TO_32_BIT_CONVERSION = YES;
				GCC_WARN_ABOUT_RETURN_TYPE = YES_ERROR;
				GCC_WARN_UNDECLARED_SELECTOR = YES;
				GCC_WARN_UNINITIALIZED_AUTOS = YES_AGGRESSIVE;
				GCC_WARN_UNUSED_FUNCTION = YES;
				GCC_WARN_UNUSED_VARIABLE = YES;
				IPHONEOS_DEPLOYMENT_TARGET = 15.2;
				MTL_ENABLE_DEBUG_INFO = INCLUDE_SOURCE;
				MTL_FAST_MATH = YES;
				ONLY_ACTIVE_ARCH = YES;
				SDKROOT = iphoneos;
				SWIFT_ACTIVE_COMPILATION_CONDITIONS = DEBUG;
				SWIFT_OPTIMIZATION_LEVEL = "-Onone";
			};
			name = Debug;
		};
		0134D17827BDDE0600552FE0 /* Release */ = {
			isa = XCBuildConfiguration;
			buildSettings = {
				ALWAYS_SEARCH_USER_PATHS = NO;
				CLANG_ANALYZER_NONNULL = YES;
				CLANG_ANALYZER_NUMBER_OBJECT_CONVERSION = YES_AGGRESSIVE;
				CLANG_CXX_LANGUAGE_STANDARD = "gnu++17";
				CLANG_CXX_LIBRARY = "libc++";
				CLANG_ENABLE_MODULES = YES;
				CLANG_ENABLE_OBJC_ARC = YES;
				CLANG_ENABLE_OBJC_WEAK = YES;
				CLANG_WARN_BLOCK_CAPTURE_AUTORELEASING = YES;
				CLANG_WARN_BOOL_CONVERSION = YES;
				CLANG_WARN_COMMA = YES;
				CLANG_WARN_CONSTANT_CONVERSION = YES;
				CLANG_WARN_DEPRECATED_OBJC_IMPLEMENTATIONS = YES;
				CLANG_WARN_DIRECT_OBJC_ISA_USAGE = YES_ERROR;
				CLANG_WARN_DOCUMENTATION_COMMENTS = YES;
				CLANG_WARN_EMPTY_BODY = YES;
				CLANG_WARN_ENUM_CONVERSION = YES;
				CLANG_WARN_INFINITE_RECURSION = YES;
				CLANG_WARN_INT_CONVERSION = YES;
				CLANG_WARN_NON_LITERAL_NULL_CONVERSION = YES;
				CLANG_WARN_OBJC_IMPLICIT_RETAIN_SELF = YES;
				CLANG_WARN_OBJC_LITERAL_CONVERSION = YES;
				CLANG_WARN_OBJC_ROOT_CLASS = YES_ERROR;
				CLANG_WARN_QUOTED_INCLUDE_IN_FRAMEWORK_HEADER = YES;
				CLANG_WARN_RANGE_LOOP_ANALYSIS = YES;
				CLANG_WARN_STRICT_PROTOTYPES = YES;
				CLANG_WARN_SUSPICIOUS_MOVE = YES;
				CLANG_WARN_UNGUARDED_AVAILABILITY = YES_AGGRESSIVE;
				CLANG_WARN_UNREACHABLE_CODE = YES;
				CLANG_WARN__DUPLICATE_METHOD_MATCH = YES;
				COPY_PHASE_STRIP = NO;
				DEBUG_INFORMATION_FORMAT = "dwarf-with-dsym";
				ENABLE_NS_ASSERTIONS = NO;
				ENABLE_STRICT_OBJC_MSGSEND = YES;
				GCC_C_LANGUAGE_STANDARD = gnu11;
				GCC_NO_COMMON_BLOCKS = YES;
				GCC_WARN_64_TO_32_BIT_CONVERSION = YES;
				GCC_WARN_ABOUT_RETURN_TYPE = YES_ERROR;
				GCC_WARN_UNDECLARED_SELECTOR = YES;
				GCC_WARN_UNINITIALIZED_AUTOS = YES_AGGRESSIVE;
				GCC_WARN_UNUSED_FUNCTION = YES;
				GCC_WARN_UNUSED_VARIABLE = YES;
				IPHONEOS_DEPLOYMENT_TARGET = 15.2;
				MTL_ENABLE_DEBUG_INFO = NO;
				MTL_FAST_MATH = YES;
				SDKROOT = iphoneos;
				SWIFT_COMPILATION_MODE = wholemodule;
				SWIFT_OPTIMIZATION_LEVEL = "-O";
				VALIDATE_PRODUCT = YES;
			};
			name = Release;
		};
		0134D17A27BDDE0600552FE0 /* Debug */ = {
			isa = XCBuildConfiguration;
			baseConfigurationReference = 69F9529BCC9E3253E99E0107 /* Pods-OurDday.debug.xcconfig */;
			buildSettings = {
				ASSETCATALOG_COMPILER_APPICON_NAME = AppIcon;
				ASSETCATALOG_COMPILER_GLOBAL_ACCENT_COLOR_NAME = AccentColor;
				CODE_SIGN_STYLE = Automatic;
				CURRENT_PROJECT_VERSION = 1;
				DEVELOPMENT_TEAM = WB3J5J4ZWS;
				GENERATE_INFOPLIST_FILE = YES;
				INFOPLIST_FILE = OurDday/Info.plist;
				INFOPLIST_KEY_UIApplicationSupportsIndirectInputEvents = YES;
				INFOPLIST_KEY_UILaunchStoryboardName = LaunchScreen;
				INFOPLIST_KEY_UISupportedInterfaceOrientations = "";
				INFOPLIST_KEY_UISupportedInterfaceOrientations_iPad = "UIInterfaceOrientationPortrait UIInterfaceOrientationPortraitUpsideDown UIInterfaceOrientationLandscapeLeft UIInterfaceOrientationLandscapeRight";
				INFOPLIST_KEY_UISupportedInterfaceOrientations_iPhone = "UIInterfaceOrientationPortrait UIInterfaceOrientationLandscapeLeft UIInterfaceOrientationLandscapeRight";
				IPHONEOS_DEPLOYMENT_TARGET = 13.0;
				LD_RUNPATH_SEARCH_PATHS = (
					"$(inherited)",
					"@executable_path/Frameworks",
				);
				MARKETING_VERSION = 1.0;
				PRODUCT_BUNDLE_IDENTIFIER = com.rae.OurDday;
				PRODUCT_NAME = "$(TARGET_NAME)";
				SWIFT_EMIT_LOC_STRINGS = YES;
				SWIFT_VERSION = 5.0;
				TARGETED_DEVICE_FAMILY = 1;
			};
			name = Debug;
		};
		0134D17B27BDDE0600552FE0 /* Release */ = {
			isa = XCBuildConfiguration;
			baseConfigurationReference = 2DA248200935EC3CB1E338D0 /* Pods-OurDday.release.xcconfig */;
			buildSettings = {
				ASSETCATALOG_COMPILER_APPICON_NAME = AppIcon;
				ASSETCATALOG_COMPILER_GLOBAL_ACCENT_COLOR_NAME = AccentColor;
				CODE_SIGN_STYLE = Automatic;
				CURRENT_PROJECT_VERSION = 1;
				DEVELOPMENT_TEAM = WB3J5J4ZWS;
				GENERATE_INFOPLIST_FILE = YES;
				INFOPLIST_FILE = OurDday/Info.plist;
				INFOPLIST_KEY_UIApplicationSupportsIndirectInputEvents = YES;
				INFOPLIST_KEY_UILaunchStoryboardName = LaunchScreen;
				INFOPLIST_KEY_UISupportedInterfaceOrientations = "";
				INFOPLIST_KEY_UISupportedInterfaceOrientations_iPad = "UIInterfaceOrientationPortrait UIInterfaceOrientationPortraitUpsideDown UIInterfaceOrientationLandscapeLeft UIInterfaceOrientationLandscapeRight";
				INFOPLIST_KEY_UISupportedInterfaceOrientations_iPhone = "UIInterfaceOrientationPortrait UIInterfaceOrientationLandscapeLeft UIInterfaceOrientationLandscapeRight";
				IPHONEOS_DEPLOYMENT_TARGET = 13.0;
				LD_RUNPATH_SEARCH_PATHS = (
					"$(inherited)",
					"@executable_path/Frameworks",
				);
				MARKETING_VERSION = 1.0;
				PRODUCT_BUNDLE_IDENTIFIER = com.rae.OurDday;
				PRODUCT_NAME = "$(TARGET_NAME)";
				SWIFT_EMIT_LOC_STRINGS = YES;
				SWIFT_VERSION = 5.0;
				TARGETED_DEVICE_FAMILY = 1;
			};
			name = Release;
		};
/* End XCBuildConfiguration section */

/* Begin XCConfigurationList section */
		0134D16027BDDE0400552FE0 /* Build configuration list for PBXProject "OurDday" */ = {
			isa = XCConfigurationList;
			buildConfigurations = (
				0134D17727BDDE0600552FE0 /* Debug */,
				0134D17827BDDE0600552FE0 /* Release */,
			);
			defaultConfigurationIsVisible = 0;
			defaultConfigurationName = Release;
		};
		0134D17927BDDE0600552FE0 /* Build configuration list for PBXNativeTarget "OurDday" */ = {
			isa = XCConfigurationList;
			buildConfigurations = (
				0134D17A27BDDE0600552FE0 /* Debug */,
				0134D17B27BDDE0600552FE0 /* Release */,
			);
			defaultConfigurationIsVisible = 0;
			defaultConfigurationName = Release;
		};
/* End XCConfigurationList section */
	};
	rootObject = 0134D15D27BDDE0400552FE0 /* Project object */;
}
