// !$*UTF8*$!
{
	archiveVersion = 1;
	classes = {
	};
	objectVersion = 55;
	objects = {

/* Begin PBXBuildFile section */
		011E44A227F5935200EBFCC1 /* DatePickerController.swift in Sources */ = {isa = PBXBuildFile; fileRef = 011E44A127F5935200EBFCC1 /* DatePickerController.swift */; };
		011E44A527F5F10400EBFCC1 /* HomeInformation.swift in Sources */ = {isa = PBXBuildFile; fileRef = 011E44A427F5F10400EBFCC1 /* HomeInformation.swift */; };
		011E44A827F6834000EBFCC1 /* HomeViewModel.swift in Sources */ = {isa = PBXBuildFile; fileRef = 011E44A727F6834000EBFCC1 /* HomeViewModel.swift */; };
		0134D16927BDDE0400552FE0 /* AppDelegate.swift in Sources */ = {isa = PBXBuildFile; fileRef = 0134D16827BDDE0400552FE0 /* AppDelegate.swift */; };
		0134D16B27BDDE0400552FE0 /* SceneDelegate.swift in Sources */ = {isa = PBXBuildFile; fileRef = 0134D16A27BDDE0400552FE0 /* SceneDelegate.swift */; };
		0134D17227BDDE0600552FE0 /* Assets.xcassets in Resources */ = {isa = PBXBuildFile; fileRef = 0134D17127BDDE0600552FE0 /* Assets.xcassets */; };
		0134D17527BDDE0600552FE0 /* LaunchScreen.storyboard in Resources */ = {isa = PBXBuildFile; fileRef = 0134D17327BDDE0600552FE0 /* LaunchScreen.storyboard */; };
		0134D18027BDE14200552FE0 /* LocalStorageManager.swift in Sources */ = {isa = PBXBuildFile; fileRef = 0134D17F27BDE14200552FE0 /* LocalStorageManager.swift */; };
		0134D18A27BDE2AF00552FE0 /* HomeViewController.swift in Sources */ = {isa = PBXBuildFile; fileRef = 0134D18327BDE2AF00552FE0 /* HomeViewController.swift */; };
		0134D18B27BDE2AF00552FE0 /* FirstLaunchViewController.swift in Sources */ = {isa = PBXBuildFile; fileRef = 0134D18427BDE2AF00552FE0 /* FirstLaunchViewController.swift */; };
		0134D18D27BDE2AF00552FE0 /* EventViewController.swift in Sources */ = {isa = PBXBuildFile; fileRef = 0134D18627BDE2AF00552FE0 /* EventViewController.swift */; };
		013822BE27C9C8EF003949DF /* EventViewModel.swift in Sources */ = {isa = PBXBuildFile; fileRef = 013822BD27C9C8EF003949DF /* EventViewModel.swift */; };
		013822C027C9CA98003949DF /* EventManager.swift in Sources */ = {isa = PBXBuildFile; fileRef = 013822BF27C9CA98003949DF /* EventManager.swift */; };
		0138EB0827BE6938003E99B1 /* Event.swift in Sources */ = {isa = PBXBuildFile; fileRef = 0138EB0727BE6938003E99B1 /* Event.swift */; };
		0138EB0A27BF44CE003E99B1 /* EventCell.swift in Sources */ = {isa = PBXBuildFile; fileRef = 0138EB0927BF44CE003E99B1 /* EventCell.swift */; };
		01764061289BC4130070B02A /* UIColor+Extension.swift in Sources */ = {isa = PBXBuildFile; fileRef = 0176405A289BC4130070B02A /* UIColor+Extension.swift */; };
		01764063289BC4130070B02A /* UIFont+Extension.swift in Sources */ = {isa = PBXBuildFile; fileRef = 0176405C289BC4130070B02A /* UIFont+Extension.swift */; };
		01764064289BC4130070B02A /* DateFormatter+Extension.swift in Sources */ = {isa = PBXBuildFile; fileRef = 0176405D289BC4130070B02A /* DateFormatter+Extension.swift */; };
		01764067289BC4130070B02A /* CalendarUtils.swift in Sources */ = {isa = PBXBuildFile; fileRef = 01764060289BC4130070B02A /* CalendarUtils.swift */; };
		0176406C289BFB510070B02A /* BMJUA_ttf.ttf in Resources */ = {isa = PBXBuildFile; fileRef = 0176406B289BFB510070B02A /* BMJUA_ttf.ttf */; };
		0176406D289BFB510070B02A /* BMJUA_ttf.ttf in Resources */ = {isa = PBXBuildFile; fileRef = 0176406B289BFB510070B02A /* BMJUA_ttf.ttf */; };
		0176406F289CAC4A0070B02A /* MainViewController.swift in Sources */ = {isa = PBXBuildFile; fileRef = 0176406E289CAC4A0070B02A /* MainViewController.swift */; };
		01764071289CAE480070B02A /* MainCollectionViewCell.swift in Sources */ = {isa = PBXBuildFile; fileRef = 01764070289CAE480070B02A /* MainCollectionViewCell.swift */; };
		01764073289CB3AB0070B02A /* MainViewModel.swift in Sources */ = {isa = PBXBuildFile; fileRef = 01764072289CB3AB0070B02A /* MainViewModel.swift */; };
		018A49C727D9D332003E18B2 /* PhotoManager.swift in Sources */ = {isa = PBXBuildFile; fileRef = 018A49C627D9D331003E18B2 /* PhotoManager.swift */; };
		01B1D89827E36EE1001863C8 /* WidgetKit.framework in Frameworks */ = {isa = PBXBuildFile; fileRef = 01B1D89727E36EE1001863C8 /* WidgetKit.framework */; };
		01B1D89A27E36EE1001863C8 /* SwiftUI.framework in Frameworks */ = {isa = PBXBuildFile; fileRef = 01B1D89927E36EE1001863C8 /* SwiftUI.framework */; };
		01B1D89D27E36EE1001863C8 /* OurDdayWidget.swift in Sources */ = {isa = PBXBuildFile; fileRef = 01B1D89C27E36EE1001863C8 /* OurDdayWidget.swift */; };
		01B1D89F27E36EE3001863C8 /* Assets.xcassets in Resources */ = {isa = PBXBuildFile; fileRef = 01B1D89E27E36EE3001863C8 /* Assets.xcassets */; };
		01B1D8A327E36EE3001863C8 /* OurDdayWidgetExtension.appex in Embed App Extensions */ = {isa = PBXBuildFile; fileRef = 01B1D89627E36EE1001863C8 /* OurDdayWidgetExtension.appex */; settings = {ATTRIBUTES = (RemoveHeadersOnCopy, ); }; };
		01FE725827C7AE85009B5425 /* EventCellViewModel.swift in Sources */ = {isa = PBXBuildFile; fileRef = 01FE725727C7AE85009B5425 /* EventCellViewModel.swift */; };
/* End PBXBuildFile section */

/* Begin PBXContainerItemProxy section */
		01B1D8A127E36EE3001863C8 /* PBXContainerItemProxy */ = {
			isa = PBXContainerItemProxy;
			containerPortal = 0134D15D27BDDE0400552FE0 /* Project object */;
			proxyType = 1;
			remoteGlobalIDString = 01B1D89527E36EE1001863C8;
			remoteInfo = OurDdayWidgetExtension;
		};
/* End PBXContainerItemProxy section */

/* Begin PBXCopyFilesBuildPhase section */
		01B1D8A427E36EE3001863C8 /* Embed App Extensions */ = {
			isa = PBXCopyFilesBuildPhase;
			buildActionMask = 2147483647;
			dstPath = "";
			dstSubfolderSpec = 13;
			files = (
				01B1D8A327E36EE3001863C8 /* OurDdayWidgetExtension.appex in Embed App Extensions */,
			);
			name = "Embed App Extensions";
			runOnlyForDeploymentPostprocessing = 0;
		};
/* End PBXCopyFilesBuildPhase section */

/* Begin PBXFileReference section */
		011E44A127F5935200EBFCC1 /* DatePickerController.swift */ = {isa = PBXFileReference; lastKnownFileType = sourcecode.swift; path = DatePickerController.swift; sourceTree = "<group>"; };
		011E44A427F5F10400EBFCC1 /* HomeInformation.swift */ = {isa = PBXFileReference; lastKnownFileType = sourcecode.swift; path = HomeInformation.swift; sourceTree = "<group>"; };
		011E44A727F6834000EBFCC1 /* HomeViewModel.swift */ = {isa = PBXFileReference; lastKnownFileType = sourcecode.swift; path = HomeViewModel.swift; sourceTree = "<group>"; };
		0134D16527BDDE0400552FE0 /* OurDday.app */ = {isa = PBXFileReference; explicitFileType = wrapper.application; includeInIndex = 0; path = OurDday.app; sourceTree = BUILT_PRODUCTS_DIR; };
		0134D16827BDDE0400552FE0 /* AppDelegate.swift */ = {isa = PBXFileReference; lastKnownFileType = sourcecode.swift; path = AppDelegate.swift; sourceTree = "<group>"; };
		0134D16A27BDDE0400552FE0 /* SceneDelegate.swift */ = {isa = PBXFileReference; lastKnownFileType = sourcecode.swift; path = SceneDelegate.swift; sourceTree = "<group>"; };
		0134D17127BDDE0600552FE0 /* Assets.xcassets */ = {isa = PBXFileReference; lastKnownFileType = folder.assetcatalog; path = Assets.xcassets; sourceTree = "<group>"; };
		0134D17427BDDE0600552FE0 /* Base */ = {isa = PBXFileReference; lastKnownFileType = file.storyboard; name = Base; path = Base.lproj/LaunchScreen.storyboard; sourceTree = "<group>"; };
		0134D17627BDDE0600552FE0 /* Info.plist */ = {isa = PBXFileReference; lastKnownFileType = text.plist.xml; path = Info.plist; sourceTree = "<group>"; };
		0134D17F27BDE14200552FE0 /* LocalStorageManager.swift */ = {isa = PBXFileReference; lastKnownFileType = sourcecode.swift; path = LocalStorageManager.swift; sourceTree = "<group>"; };
		0134D18327BDE2AF00552FE0 /* HomeViewController.swift */ = {isa = PBXFileReference; fileEncoding = 4; lastKnownFileType = sourcecode.swift; path = HomeViewController.swift; sourceTree = "<group>"; };
		0134D18427BDE2AF00552FE0 /* FirstLaunchViewController.swift */ = {isa = PBXFileReference; fileEncoding = 4; lastKnownFileType = sourcecode.swift; path = FirstLaunchViewController.swift; sourceTree = "<group>"; };
		0134D18627BDE2AF00552FE0 /* EventViewController.swift */ = {isa = PBXFileReference; fileEncoding = 4; lastKnownFileType = sourcecode.swift; path = EventViewController.swift; sourceTree = "<group>"; };
		013822BD27C9C8EF003949DF /* EventViewModel.swift */ = {isa = PBXFileReference; lastKnownFileType = sourcecode.swift; path = EventViewModel.swift; sourceTree = "<group>"; };
		013822BF27C9CA98003949DF /* EventManager.swift */ = {isa = PBXFileReference; lastKnownFileType = sourcecode.swift; path = EventManager.swift; sourceTree = "<group>"; };
		0138EB0727BE6938003E99B1 /* Event.swift */ = {isa = PBXFileReference; lastKnownFileType = sourcecode.swift; path = Event.swift; sourceTree = "<group>"; };
		0138EB0927BF44CE003E99B1 /* EventCell.swift */ = {isa = PBXFileReference; lastKnownFileType = sourcecode.swift; path = EventCell.swift; sourceTree = "<group>"; };
		0176405A289BC4130070B02A /* UIColor+Extension.swift */ = {isa = PBXFileReference; fileEncoding = 4; lastKnownFileType = sourcecode.swift; path = "UIColor+Extension.swift"; sourceTree = "<group>"; };
		0176405C289BC4130070B02A /* UIFont+Extension.swift */ = {isa = PBXFileReference; fileEncoding = 4; lastKnownFileType = sourcecode.swift; path = "UIFont+Extension.swift"; sourceTree = "<group>"; };
		0176405D289BC4130070B02A /* DateFormatter+Extension.swift */ = {isa = PBXFileReference; fileEncoding = 4; lastKnownFileType = sourcecode.swift; path = "DateFormatter+Extension.swift"; sourceTree = "<group>"; };
		01764060289BC4130070B02A /* CalendarUtils.swift */ = {isa = PBXFileReference; fileEncoding = 4; lastKnownFileType = sourcecode.swift; path = CalendarUtils.swift; sourceTree = "<group>"; };
		0176406B289BFB510070B02A /* BMJUA_ttf.ttf */ = {isa = PBXFileReference; lastKnownFileType = file; path = BMJUA_ttf.ttf; sourceTree = "<group>"; };
		0176406E289CAC4A0070B02A /* MainViewController.swift */ = {isa = PBXFileReference; lastKnownFileType = sourcecode.swift; path = MainViewController.swift; sourceTree = "<group>"; };
		01764070289CAE480070B02A /* MainCollectionViewCell.swift */ = {isa = PBXFileReference; lastKnownFileType = sourcecode.swift; path = MainCollectionViewCell.swift; sourceTree = "<group>"; };
		01764072289CB3AB0070B02A /* MainViewModel.swift */ = {isa = PBXFileReference; lastKnownFileType = sourcecode.swift; path = MainViewModel.swift; sourceTree = "<group>"; };
		018A49C627D9D331003E18B2 /* PhotoManager.swift */ = {isa = PBXFileReference; lastKnownFileType = sourcecode.swift; path = PhotoManager.swift; sourceTree = "<group>"; };
		01B1D89627E36EE1001863C8 /* OurDdayWidgetExtension.appex */ = {isa = PBXFileReference; explicitFileType = "wrapper.app-extension"; includeInIndex = 0; path = OurDdayWidgetExtension.appex; sourceTree = BUILT_PRODUCTS_DIR; };
		01B1D89727E36EE1001863C8 /* WidgetKit.framework */ = {isa = PBXFileReference; lastKnownFileType = wrapper.framework; name = WidgetKit.framework; path = System/Library/Frameworks/WidgetKit.framework; sourceTree = SDKROOT; };
		01B1D89927E36EE1001863C8 /* SwiftUI.framework */ = {isa = PBXFileReference; lastKnownFileType = wrapper.framework; name = SwiftUI.framework; path = System/Library/Frameworks/SwiftUI.framework; sourceTree = SDKROOT; };
		01B1D89C27E36EE1001863C8 /* OurDdayWidget.swift */ = {isa = PBXFileReference; lastKnownFileType = sourcecode.swift; path = OurDdayWidget.swift; sourceTree = "<group>"; };
		01B1D89E27E36EE3001863C8 /* Assets.xcassets */ = {isa = PBXFileReference; lastKnownFileType = folder.assetcatalog; path = Assets.xcassets; sourceTree = "<group>"; };
		01B1D8A027E36EE3001863C8 /* Info.plist */ = {isa = PBXFileReference; lastKnownFileType = text.plist.xml; path = Info.plist; sourceTree = "<group>"; };
		01B1D8A827E417D5001863C8 /* OurDday.entitlements */ = {isa = PBXFileReference; lastKnownFileType = text.plist.entitlements; path = OurDday.entitlements; sourceTree = "<group>"; };
		01B1D8A927E417ED001863C8 /* OurDdayWidgetExtension.entitlements */ = {isa = PBXFileReference; lastKnownFileType = text.plist.entitlements; path = OurDdayWidgetExtension.entitlements; sourceTree = "<group>"; };
		01FE725727C7AE85009B5425 /* EventCellViewModel.swift */ = {isa = PBXFileReference; lastKnownFileType = sourcecode.swift; path = EventCellViewModel.swift; sourceTree = "<group>"; };
/* End PBXFileReference section */

/* Begin PBXFrameworksBuildPhase section */
		0134D16227BDDE0400552FE0 /* Frameworks */ = {
			isa = PBXFrameworksBuildPhase;
			buildActionMask = 2147483647;
			files = (
			);
			runOnlyForDeploymentPostprocessing = 0;
		};
		01B1D89327E36EE1001863C8 /* Frameworks */ = {
			isa = PBXFrameworksBuildPhase;
			buildActionMask = 2147483647;
			files = (
				01B1D89A27E36EE1001863C8 /* SwiftUI.framework in Frameworks */,
				01B1D89827E36EE1001863C8 /* WidgetKit.framework in Frameworks */,
			);
			runOnlyForDeploymentPostprocessing = 0;
		};
/* End PBXFrameworksBuildPhase section */

/* Begin PBXGroup section */
		011E44A327F5EE1800EBFCC1 /* FirstLaunch */ = {
			isa = PBXGroup;
			children = (
				011E44A127F5935200EBFCC1 /* DatePickerController.swift */,
				0134D18427BDE2AF00552FE0 /* FirstLaunchViewController.swift */,
			);
			path = FirstLaunch;
			sourceTree = "<group>";
		};
		011E44A627F5F16200EBFCC1 /* Home */ = {
			isa = PBXGroup;
			children = (
				0134D18327BDE2AF00552FE0 /* HomeViewController.swift */,
				011E44A727F6834000EBFCC1 /* HomeViewModel.swift */,
			);
			path = Home;
			sourceTree = "<group>";
		};
		011E44B527F69C1E00EBFCC1 /* Event */ = {
			isa = PBXGroup;
			children = (
				0134D18627BDE2AF00552FE0 /* EventViewController.swift */,
				0138EB0927BF44CE003E99B1 /* EventCell.swift */,
				013822BD27C9C8EF003949DF /* EventViewModel.swift */,
				01FE725727C7AE85009B5425 /* EventCellViewModel.swift */,
			);
			path = Event;
			sourceTree = "<group>";
		};
		0134D15C27BDDE0400552FE0 = {
			isa = PBXGroup;
			children = (
				01B1D8A927E417ED001863C8 /* OurDdayWidgetExtension.entitlements */,
				0134D16727BDDE0400552FE0 /* OurDday */,
				01B1D89B27E36EE1001863C8 /* OurDdayWidget */,
				0134D16627BDDE0400552FE0 /* Products */,
				160A99A8D51BB9E84C2B163B /* Frameworks */,
			);
			sourceTree = "<group>";
		};
		0134D16627BDDE0400552FE0 /* Products */ = {
			isa = PBXGroup;
			children = (
				0134D16527BDDE0400552FE0 /* OurDday.app */,
				01B1D89627E36EE1001863C8 /* OurDdayWidgetExtension.appex */,
			);
			name = Products;
			sourceTree = "<group>";
		};
		0134D16727BDDE0400552FE0 /* OurDday */ = {
			isa = PBXGroup;
			children = (
				01B1D8A827E417D5001863C8 /* OurDday.entitlements */,
				01764068289BC5320070B02A /* Application */,
				0138EB0627BE692D003E99B1 /* Model */,
				01764069289BC53C0070B02A /* Scene */,
				0134D17C27BDE05100552FE0 /* Resource */,
				0134D19827BDEAEF00552FE0 /* Manager */,
				01764059289BC4130070B02A /* Util */,
			);
			path = OurDday;
			sourceTree = "<group>";
		};
		0134D17C27BDE05100552FE0 /* Resource */ = {
			isa = PBXGroup;
			children = (
				0134D17327BDDE0600552FE0 /* LaunchScreen.storyboard */,
				0134D17127BDDE0600552FE0 /* Assets.xcassets */,
				0134D17627BDDE0600552FE0 /* Info.plist */,
				0176406B289BFB510070B02A /* BMJUA_ttf.ttf */,
			);
			path = Resource;
			sourceTree = "<group>";
		};
		0134D19827BDEAEF00552FE0 /* Manager */ = {
			isa = PBXGroup;
			children = (
				0134D17F27BDE14200552FE0 /* LocalStorageManager.swift */,
				013822BF27C9CA98003949DF /* EventManager.swift */,
				018A49C627D9D331003E18B2 /* PhotoManager.swift */,
			);
			path = Manager;
			sourceTree = "<group>";
		};
		0138EB0627BE692D003E99B1 /* Model */ = {
			isa = PBXGroup;
			children = (
				011E44A427F5F10400EBFCC1 /* HomeInformation.swift */,
				0138EB0727BE6938003E99B1 /* Event.swift */,
			);
			path = Model;
			sourceTree = "<group>";
		};
		01764059289BC4130070B02A /* Util */ = {
			isa = PBXGroup;
			children = (
				0176405A289BC4130070B02A /* UIColor+Extension.swift */,
				0176405C289BC4130070B02A /* UIFont+Extension.swift */,
				0176405D289BC4130070B02A /* DateFormatter+Extension.swift */,
				01764060289BC4130070B02A /* CalendarUtils.swift */,
			);
			path = Util;
			sourceTree = "<group>";
		};
		01764068289BC5320070B02A /* Application */ = {
			isa = PBXGroup;
			children = (
				0134D16A27BDDE0400552FE0 /* SceneDelegate.swift */,
				0134D16827BDDE0400552FE0 /* AppDelegate.swift */,
			);
			path = Application;
			sourceTree = "<group>";
		};
		01764069289BC53C0070B02A /* Scene */ = {
			isa = PBXGroup;
			children = (
				011E44A327F5EE1800EBFCC1 /* FirstLaunch */,
				01764074289CB4370070B02A /* Main */,
				011E44A627F5F16200EBFCC1 /* Home */,
				011E44B527F69C1E00EBFCC1 /* Event */,
			);
			path = Scene;
			sourceTree = "<group>";
		};
		01764074289CB4370070B02A /* Main */ = {
			isa = PBXGroup;
			children = (
				01764070289CAE480070B02A /* MainCollectionViewCell.swift */,
				0176406E289CAC4A0070B02A /* MainViewController.swift */,
				01764072289CB3AB0070B02A /* MainViewModel.swift */,
			);
			path = Main;
			sourceTree = "<group>";
		};
		01B1D89B27E36EE1001863C8 /* OurDdayWidget */ = {
			isa = PBXGroup;
			children = (
				01B1D89C27E36EE1001863C8 /* OurDdayWidget.swift */,
				01B1D89E27E36EE3001863C8 /* Assets.xcassets */,
				01B1D8A027E36EE3001863C8 /* Info.plist */,
			);
			path = OurDdayWidget;
			sourceTree = "<group>";
		};
		160A99A8D51BB9E84C2B163B /* Frameworks */ = {
			isa = PBXGroup;
			children = (
				01B1D89727E36EE1001863C8 /* WidgetKit.framework */,
				01B1D89927E36EE1001863C8 /* SwiftUI.framework */,
			);
			name = Frameworks;
			sourceTree = "<group>";
		};
/* End PBXGroup section */

/* Begin PBXNativeTarget section */
		0134D16427BDDE0400552FE0 /* OurDday */ = {
			isa = PBXNativeTarget;
			buildConfigurationList = 0134D17927BDDE0600552FE0 /* Build configuration list for PBXNativeTarget "OurDday" */;
			buildPhases = (
				0134D16127BDDE0400552FE0 /* Sources */,
				0134D16227BDDE0400552FE0 /* Frameworks */,
				0134D16327BDDE0400552FE0 /* Resources */,
				01B1D8A427E36EE3001863C8 /* Embed App Extensions */,
			);
			buildRules = (
			);
			dependencies = (
				01B1D8A227E36EE3001863C8 /* PBXTargetDependency */,
			);
			name = OurDday;
			productName = OurDday;
			productReference = 0134D16527BDDE0400552FE0 /* OurDday.app */;
			productType = "com.apple.product-type.application";
		};
		01B1D89527E36EE1001863C8 /* OurDdayWidgetExtension */ = {
			isa = PBXNativeTarget;
			buildConfigurationList = 01B1D8A727E36EE3001863C8 /* Build configuration list for PBXNativeTarget "OurDdayWidgetExtension" */;
			buildPhases = (
				01B1D89227E36EE1001863C8 /* Sources */,
				01B1D89327E36EE1001863C8 /* Frameworks */,
				01B1D89427E36EE1001863C8 /* Resources */,
			);
			buildRules = (
			);
			dependencies = (
			);
			name = OurDdayWidgetExtension;
			productName = OurDdayWidgetExtension;
			productReference = 01B1D89627E36EE1001863C8 /* OurDdayWidgetExtension.appex */;
			productType = "com.apple.product-type.app-extension";
		};
/* End PBXNativeTarget section */

/* Begin PBXProject section */
		0134D15D27BDDE0400552FE0 /* Project object */ = {
			isa = PBXProject;
			attributes = {
				BuildIndependentTargetsInParallel = 1;
				LastSwiftUpdateCheck = 1320;
				LastUpgradeCheck = 1320;
				TargetAttributes = {
					0134D16427BDDE0400552FE0 = {
						CreatedOnToolsVersion = 13.2.1;
					};
					01B1D89527E36EE1001863C8 = {
						CreatedOnToolsVersion = 13.2.1;
					};
				};
			};
			buildConfigurationList = 0134D16027BDDE0400552FE0 /* Build configuration list for PBXProject "OurDday" */;
			compatibilityVersion = "Xcode 13.0";
			developmentRegion = en;
			hasScannedForEncodings = 0;
			knownRegions = (
				en,
				Base,
			);
			mainGroup = 0134D15C27BDDE0400552FE0;
			productRefGroup = 0134D16627BDDE0400552FE0 /* Products */;
			projectDirPath = "";
			projectRoot = "";
			targets = (
				0134D16427BDDE0400552FE0 /* OurDday */,
				01B1D89527E36EE1001863C8 /* OurDdayWidgetExtension */,
			);
		};
/* End PBXProject section */

/* Begin PBXResourcesBuildPhase section */
		0134D16327BDDE0400552FE0 /* Resources */ = {
			isa = PBXResourcesBuildPhase;
			buildActionMask = 2147483647;
			files = (
				0134D17527BDDE0600552FE0 /* LaunchScreen.storyboard in Resources */,
				0176406C289BFB510070B02A /* BMJUA_ttf.ttf in Resources */,
				0134D17227BDDE0600552FE0 /* Assets.xcassets in Resources */,
			);
			runOnlyForDeploymentPostprocessing = 0;
		};
		01B1D89427E36EE1001863C8 /* Resources */ = {
			isa = PBXResourcesBuildPhase;
			buildActionMask = 2147483647;
			files = (
				01B1D89F27E36EE3001863C8 /* Assets.xcassets in Resources */,
				0176406D289BFB510070B02A /* BMJUA_ttf.ttf in Resources */,
			);
			runOnlyForDeploymentPostprocessing = 0;
		};
/* End PBXResourcesBuildPhase section */

/* Begin PBXSourcesBuildPhase section */
		0134D16127BDDE0400552FE0 /* Sources */ = {
			isa = PBXSourcesBuildPhase;
			buildActionMask = 2147483647;
			files = (
				0176406F289CAC4A0070B02A /* MainViewController.swift in Sources */,
				0134D18027BDE14200552FE0 /* LocalStorageManager.swift in Sources */,
				013822C027C9CA98003949DF /* EventManager.swift in Sources */,
				013822BE27C9C8EF003949DF /* EventViewModel.swift in Sources */,
				01764063289BC4130070B02A /* UIFont+Extension.swift in Sources */,
				0134D16927BDDE0400552FE0 /* AppDelegate.swift in Sources */,
				0134D18D27BDE2AF00552FE0 /* EventViewController.swift in Sources */,
				01764071289CAE480070B02A /* MainCollectionViewCell.swift in Sources */,
				0138EB0827BE6938003E99B1 /* Event.swift in Sources */,
				01764067289BC4130070B02A /* CalendarUtils.swift in Sources */,
				0134D18A27BDE2AF00552FE0 /* HomeViewController.swift in Sources */,
				018A49C727D9D332003E18B2 /* PhotoManager.swift in Sources */,
				0138EB0A27BF44CE003E99B1 /* EventCell.swift in Sources */,
				011E44A827F6834000EBFCC1 /* HomeViewModel.swift in Sources */,
				01764064289BC4130070B02A /* DateFormatter+Extension.swift in Sources */,
				01764061289BC4130070B02A /* UIColor+Extension.swift in Sources */,
				0134D18B27BDE2AF00552FE0 /* FirstLaunchViewController.swift in Sources */,
				01FE725827C7AE85009B5425 /* EventCellViewModel.swift in Sources */,
				011E44A527F5F10400EBFCC1 /* HomeInformation.swift in Sources */,
				011E44A227F5935200EBFCC1 /* DatePickerController.swift in Sources */,
				01764073289CB3AB0070B02A /* MainViewModel.swift in Sources */,
				0134D16B27BDDE0400552FE0 /* SceneDelegate.swift in Sources */,
			);
			runOnlyForDeploymentPostprocessing = 0;
		};
		01B1D89227E36EE1001863C8 /* Sources */ = {
			isa = PBXSourcesBuildPhase;
			buildActionMask = 2147483647;
			files = (
				01B1D89D27E36EE1001863C8 /* OurDdayWidget.swift in Sources */,
			);
			runOnlyForDeploymentPostprocessing = 0;
		};
/* End PBXSourcesBuildPhase section */

/* Begin PBXTargetDependency section */
		01B1D8A227E36EE3001863C8 /* PBXTargetDependency */ = {
			isa = PBXTargetDependency;
			target = 01B1D89527E36EE1001863C8 /* OurDdayWidgetExtension */;
			targetProxy = 01B1D8A127E36EE3001863C8 /* PBXContainerItemProxy */;
		};
/* End PBXTargetDependency section */

/* Begin PBXVariantGroup section */
		0134D17327BDDE0600552FE0 /* LaunchScreen.storyboard */ = {
			isa = PBXVariantGroup;
			children = (
				0134D17427BDDE0600552FE0 /* Base */,
			);
			name = LaunchScreen.storyboard;
			sourceTree = "<group>";
		};
/* End PBXVariantGroup section */

/* Begin XCBuildConfiguration section */
		0134D17727BDDE0600552FE0 /* Debug */ = {
			isa = XCBuildConfiguration;
			buildSettings = {
				ALWAYS_SEARCH_USER_PATHS = NO;
				CLANG_ANALYZER_NONNULL = YES;
				CLANG_ANALYZER_NUMBER_OBJECT_CONVERSION = YES_AGGRESSIVE;
				CLANG_CXX_LANGUAGE_STANDARD = "gnu++17";
				CLANG_CXX_LIBRARY = "libc++";
				CLANG_ENABLE_MODULES = YES;
				CLANG_ENABLE_OBJC_ARC = YES;
				CLANG_ENABLE_OBJC_WEAK = YES;
				CLANG_WARN_BLOCK_CAPTURE_AUTORELEASING = YES;
				CLANG_WARN_BOOL_CONVERSION = YES;
				CLANG_WARN_COMMA = YES;
				CLANG_WARN_CONSTANT_CONVERSION = YES;
				CLANG_WARN_DEPRECATED_OBJC_IMPLEMENTATIONS = YES;
				CLANG_WARN_DIRECT_OBJC_ISA_USAGE = YES_ERROR;
				CLANG_WARN_DOCUMENTATION_COMMENTS = YES;
				CLANG_WARN_EMPTY_BODY = YES;
				CLANG_WARN_ENUM_CONVERSION = YES;
				CLANG_WARN_INFINITE_RECURSION = YES;
				CLANG_WARN_INT_CONVERSION = YES;
				CLANG_WARN_NON_LITERAL_NULL_CONVERSION = YES;
				CLANG_WARN_OBJC_IMPLICIT_RETAIN_SELF = YES;
				CLANG_WARN_OBJC_LITERAL_CONVERSION = YES;
				CLANG_WARN_OBJC_ROOT_CLASS = YES_ERROR;
				CLANG_WARN_QUOTED_INCLUDE_IN_FRAMEWORK_HEADER = YES;
				CLANG_WARN_RANGE_LOOP_ANALYSIS = YES;
				CLANG_WARN_STRICT_PROTOTYPES = YES;
				CLANG_WARN_SUSPICIOUS_MOVE = YES;
				CLANG_WARN_UNGUARDED_AVAILABILITY = YES_AGGRESSIVE;
				CLANG_WARN_UNREACHABLE_CODE = YES;
				CLANG_WARN__DUPLICATE_METHOD_MATCH = YES;
				COPY_PHASE_STRIP = NO;
				DEBUG_INFORMATION_FORMAT = dwarf;
				ENABLE_STRICT_OBJC_MSGSEND = YES;
				ENABLE_TESTABILITY = YES;
				EXCLUDED_ARCHS = "";
				GCC_C_LANGUAGE_STANDARD = gnu11;
				GCC_DYNAMIC_NO_PIC = NO;
				GCC_NO_COMMON_BLOCKS = YES;
				GCC_OPTIMIZATION_LEVEL = 0;
				GCC_PREPROCESSOR_DEFINITIONS = (
					"DEBUG=1",
					"$(inherited)",
				);
				GCC_WARN_64_TO_32_BIT_CONVERSION = YES;
				GCC_WARN_ABOUT_RETURN_TYPE = YES_ERROR;
				GCC_WARN_UNDECLARED_SELECTOR = YES;
				GCC_WARN_UNINITIALIZED_AUTOS = YES_AGGRESSIVE;
				GCC_WARN_UNUSED_FUNCTION = YES;
				GCC_WARN_UNUSED_VARIABLE = YES;
				IPHONEOS_DEPLOYMENT_TARGET = 14.0;
				MTL_ENABLE_DEBUG_INFO = INCLUDE_SOURCE;
				MTL_FAST_MATH = YES;
				ONLY_ACTIVE_ARCH = YES;
				SDKROOT = iphoneos;
				SWIFT_ACTIVE_COMPILATION_CONDITIONS = DEBUG;
				SWIFT_OPTIMIZATION_LEVEL = "-Onone";
			};
			name = Debug;
		};
		0134D17827BDDE0600552FE0 /* Release */ = {
			isa = XCBuildConfiguration;
			buildSettings = {
				ALWAYS_SEARCH_USER_PATHS = NO;
				CLANG_ANALYZER_NONNULL = YES;
				CLANG_ANALYZER_NUMBER_OBJECT_CONVERSION = YES_AGGRESSIVE;
				CLANG_CXX_LANGUAGE_STANDARD = "gnu++17";
				CLANG_CXX_LIBRARY = "libc++";
				CLANG_ENABLE_MODULES = YES;
				CLANG_ENABLE_OBJC_ARC = YES;
				CLANG_ENABLE_OBJC_WEAK = YES;
				CLANG_WARN_BLOCK_CAPTURE_AUTORELEASING = YES;
				CLANG_WARN_BOOL_CONVERSION = YES;
				CLANG_WARN_COMMA = YES;
				CLANG_WARN_CONSTANT_CONVERSION = YES;
				CLANG_WARN_DEPRECATED_OBJC_IMPLEMENTATIONS = YES;
				CLANG_WARN_DIRECT_OBJC_ISA_USAGE = YES_ERROR;
				CLANG_WARN_DOCUMENTATION_COMMENTS = YES;
				CLANG_WARN_EMPTY_BODY = YES;
				CLANG_WARN_ENUM_CONVERSION = YES;
				CLANG_WARN_INFINITE_RECURSION = YES;
				CLANG_WARN_INT_CONVERSION = YES;
				CLANG_WARN_NON_LITERAL_NULL_CONVERSION = YES;
				CLANG_WARN_OBJC_IMPLICIT_RETAIN_SELF = YES;
				CLANG_WARN_OBJC_LITERAL_CONVERSION = YES;
				CLANG_WARN_OBJC_ROOT_CLASS = YES_ERROR;
				CLANG_WARN_QUOTED_INCLUDE_IN_FRAMEWORK_HEADER = YES;
				CLANG_WARN_RANGE_LOOP_ANALYSIS = YES;
				CLANG_WARN_STRICT_PROTOTYPES = YES;
				CLANG_WARN_SUSPICIOUS_MOVE = YES;
				CLANG_WARN_UNGUARDED_AVAILABILITY = YES_AGGRESSIVE;
				CLANG_WARN_UNREACHABLE_CODE = YES;
				CLANG_WARN__DUPLICATE_METHOD_MATCH = YES;
				COPY_PHASE_STRIP = NO;
				DEBUG_INFORMATION_FORMAT = "dwarf-with-dsym";
				ENABLE_NS_ASSERTIONS = NO;
				ENABLE_STRICT_OBJC_MSGSEND = YES;
				EXCLUDED_ARCHS = "";
				GCC_C_LANGUAGE_STANDARD = gnu11;
				GCC_NO_COMMON_BLOCKS = YES;
				GCC_WARN_64_TO_32_BIT_CONVERSION = YES;
				GCC_WARN_ABOUT_RETURN_TYPE = YES_ERROR;
				GCC_WARN_UNDECLARED_SELECTOR = YES;
				GCC_WARN_UNINITIALIZED_AUTOS = YES_AGGRESSIVE;
				GCC_WARN_UNUSED_FUNCTION = YES;
				GCC_WARN_UNUSED_VARIABLE = YES;
				IPHONEOS_DEPLOYMENT_TARGET = 14.0;
				MTL_ENABLE_DEBUG_INFO = NO;
				MTL_FAST_MATH = YES;
				SDKROOT = iphoneos;
				SWIFT_COMPILATION_MODE = wholemodule;
				SWIFT_OPTIMIZATION_LEVEL = "-O";
				VALIDATE_PRODUCT = YES;
			};
			name = Release;
		};
		0134D17A27BDDE0600552FE0 /* Debug */ = {
			isa = XCBuildConfiguration;
			buildSettings = {
				ALWAYS_EMBED_SWIFT_STANDARD_LIBRARIES = YES;
				ASSETCATALOG_COMPILER_APPICON_NAME = AppIcon3;
				ASSETCATALOG_COMPILER_GLOBAL_ACCENT_COLOR_NAME = AccentColor;
				CODE_SIGN_ENTITLEMENTS = OurDday/OurDday.entitlements;
				CODE_SIGN_STYLE = Automatic;
				CURRENT_PROJECT_VERSION = 1;
				DEVELOPMENT_TEAM = WB3J5J4ZWS;
				EXCLUDED_ARCHS = "";
				GENERATE_INFOPLIST_FILE = YES;
				INFOPLIST_FILE = OurDday/Resource/Info.plist;
				INFOPLIST_KEY_UIApplicationSupportsIndirectInputEvents = YES;
				INFOPLIST_KEY_UILaunchStoryboardName = LaunchScreen;
				INFOPLIST_KEY_UISupportedInterfaceOrientations = "";
				INFOPLIST_KEY_UISupportedInterfaceOrientations_iPad = "UIInterfaceOrientationPortrait UIInterfaceOrientationPortraitUpsideDown UIInterfaceOrientationLandscapeLeft UIInterfaceOrientationLandscapeRight";
				INFOPLIST_KEY_UISupportedInterfaceOrientations_iPhone = "UIInterfaceOrientationPortrait UIInterfaceOrientationLandscapeLeft UIInterfaceOrientationLandscapeRight";
				INFOPLIST_KEY_UIUserInterfaceStyle = Automatic;
				IPHONEOS_DEPLOYMENT_TARGET = 14.0;
				LD_RUNPATH_SEARCH_PATHS = (
					"$(inherited)",
					"@executable_path/Frameworks",
				);
				MARKETING_VERSION = 1.2;
				ONLY_ACTIVE_ARCH = YES;
				PRODUCT_BUNDLE_IDENTIFIER = com.rae.OurDday;
				PRODUCT_NAME = "$(TARGET_NAME)";
				SWIFT_EMIT_LOC_STRINGS = YES;
				SWIFT_VERSION = 5.0;
				TARGETED_DEVICE_FAMILY = 1;
			};
			name = Debug;
		};
		0134D17B27BDDE0600552FE0 /* Release */ = {
			isa = XCBuildConfiguration;
			buildSettings = {
				ALWAYS_EMBED_SWIFT_STANDARD_LIBRARIES = YES;
				ASSETCATALOG_COMPILER_APPICON_NAME = AppIcon3;
				ASSETCATALOG_COMPILER_GLOBAL_ACCENT_COLOR_NAME = AccentColor;
				CODE_SIGN_ENTITLEMENTS = OurDday/OurDday.entitlements;
				CODE_SIGN_STYLE = Automatic;
				CURRENT_PROJECT_VERSION = 1;
				DEVELOPMENT_TEAM = WB3J5J4ZWS;
				EXCLUDED_ARCHS = "";
				GENERATE_INFOPLIST_FILE = YES;
				INFOPLIST_FILE = OurDday/Resource/Info.plist;
				INFOPLIST_KEY_UIApplicationSupportsIndirectInputEvents = YES;
				INFOPLIST_KEY_UILaunchStoryboardName = LaunchScreen;
				INFOPLIST_KEY_UISupportedInterfaceOrientations = "";
				INFOPLIST_KEY_UISupportedInterfaceOrientations_iPad = "UIInterfaceOrientationPortrait UIInterfaceOrientationPortraitUpsideDown UIInterfaceOrientationLandscapeLeft UIInterfaceOrientationLandscapeRight";
				INFOPLIST_KEY_UISupportedInterfaceOrientations_iPhone = "UIInterfaceOrientationPortrait UIInterfaceOrientationLandscapeLeft UIInterfaceOrientationLandscapeRight";
				INFOPLIST_KEY_UIUserInterfaceStyle = Automatic;
				IPHONEOS_DEPLOYMENT_TARGET = 14.0;
				LD_RUNPATH_SEARCH_PATHS = (
					"$(inherited)",
					"@executable_path/Frameworks",
				);
				MARKETING_VERSION = 1.2;
				ONLY_ACTIVE_ARCH = NO;
				PRODUCT_BUNDLE_IDENTIFIER = com.rae.OurDday;
				PRODUCT_NAME = "$(TARGET_NAME)";
				SWIFT_EMIT_LOC_STRINGS = YES;
				SWIFT_VERSION = 5.0;
				TARGETED_DEVICE_FAMILY = 1;
			};
			name = Release;
		};
		01B1D8A527E36EE3001863C8 /* Debug */ = {
			isa = XCBuildConfiguration;
			buildSettings = {
				ASSETCATALOG_COMPILER_GLOBAL_ACCENT_COLOR_NAME = AccentColor;
				ASSETCATALOG_COMPILER_WIDGET_BACKGROUND_COLOR_NAME = WidgetBackground;
				CODE_SIGN_ENTITLEMENTS = OurDdayWidgetExtension.entitlements;
				CODE_SIGN_STYLE = Automatic;
				CURRENT_PROJECT_VERSION = 1;
				DEVELOPMENT_TEAM = WB3J5J4ZWS;
				GENERATE_INFOPLIST_FILE = YES;
				INFOPLIST_FILE = OurDdayWidget/Info.plist;
				INFOPLIST_KEY_CFBundleDisplayName = OurDdayWidget;
				INFOPLIST_KEY_NSHumanReadableCopyright = "";
				IPHONEOS_DEPLOYMENT_TARGET = 14.0;
				LD_RUNPATH_SEARCH_PATHS = (
					"$(inherited)",
					"@executable_path/Frameworks",
					"@executable_path/../../Frameworks",
				);
				MARKETING_VERSION = 1.2;
				PRODUCT_BUNDLE_IDENTIFIER = com.rae.OurDday.OurDdayWidget;
				PRODUCT_NAME = "$(TARGET_NAME)";
				SKIP_INSTALL = YES;
				SWIFT_EMIT_LOC_STRINGS = YES;
				SWIFT_VERSION = 5.0;
				TARGETED_DEVICE_FAMILY = 1;
			};
			name = Debug;
		};
		01B1D8A627E36EE3001863C8 /* Release */ = {
			isa = XCBuildConfiguration;
			buildSettings = {
				ASSETCATALOG_COMPILER_GLOBAL_ACCENT_COLOR_NAME = AccentColor;
				ASSETCATALOG_COMPILER_WIDGET_BACKGROUND_COLOR_NAME = WidgetBackground;
				CODE_SIGN_ENTITLEMENTS = OurDdayWidgetExtension.entitlements;
				CODE_SIGN_STYLE = Automatic;
				CURRENT_PROJECT_VERSION = 1;
				DEVELOPMENT_TEAM = WB3J5J4ZWS;
				GENERATE_INFOPLIST_FILE = YES;
				INFOPLIST_FILE = OurDdayWidget/Info.plist;
				INFOPLIST_KEY_CFBundleDisplayName = OurDdayWidget;
				INFOPLIST_KEY_NSHumanReadableCopyright = "";
				IPHONEOS_DEPLOYMENT_TARGET = 14.0;
				LD_RUNPATH_SEARCH_PATHS = (
					"$(inherited)",
					"@executable_path/Frameworks",
					"@executable_path/../../Frameworks",
				);
				MARKETING_VERSION = 1.2;
				PRODUCT_BUNDLE_IDENTIFIER = com.rae.OurDday.OurDdayWidget;
				PRODUCT_NAME = "$(TARGET_NAME)";
				SKIP_INSTALL = YES;
				SWIFT_EMIT_LOC_STRINGS = YES;
				SWIFT_VERSION = 5.0;
				TARGETED_DEVICE_FAMILY = 1;
			};
			name = Release;
		};
/* End XCBuildConfiguration section */

/* Begin XCConfigurationList section */
		0134D16027BDDE0400552FE0 /* Build configuration list for PBXProject "OurDday" */ = {
			isa = XCConfigurationList;
			buildConfigurations = (
				0134D17727BDDE0600552FE0 /* Debug */,
				0134D17827BDDE0600552FE0 /* Release */,
			);
			defaultConfigurationIsVisible = 0;
			defaultConfigurationName = Release;
		};
		0134D17927BDDE0600552FE0 /* Build configuration list for PBXNativeTarget "OurDday" */ = {
			isa = XCConfigurationList;
			buildConfigurations = (
				0134D17A27BDDE0600552FE0 /* Debug */,
				0134D17B27BDDE0600552FE0 /* Release */,
			);
			defaultConfigurationIsVisible = 0;
			defaultConfigurationName = Release;
		};
		01B1D8A727E36EE3001863C8 /* Build configuration list for PBXNativeTarget "OurDdayWidgetExtension" */ = {
			isa = XCConfigurationList;
			buildConfigurations = (
				01B1D8A527E36EE3001863C8 /* Debug */,
				01B1D8A627E36EE3001863C8 /* Release */,
			);
			defaultConfigurationIsVisible = 0;
			defaultConfigurationName = Release;
		};
/* End XCConfigurationList section */
	};
	rootObject = 0134D15D27BDDE0400552FE0 /* Project object */;
}
